
Microsoft Visual Studio Solution File, Format Version 12.00
# Visual Studio 2012
Project("{FAE04EC0-301F-11D3-BF4B-00C04F79EFBC}") = "MVCAutofacTest", "MVCAutofacTest\MVCAutofacTest.csproj", "{0A49763C-F42B-4729-A0EB-365C31E566D9}"
EndProject
Project("{FAE04EC0-301F-11D3-BF4B-00C04F79EFBC}") = "MVCPlugin", "MVCPlugin\MVCPlugin.csproj", "{7CB2C871-3502-47CC-BD67-5C94B274CBD6}"
EndProject
Global
	GlobalSection(SolutionConfigurationPlatforms) = preSolution
		Debug|Any CPU = Debug|Any CPU
		Release|Any CPU = Release|Any CPU
	EndGlobalSection
	GlobalSection(ProjectConfigurationPlatforms) = postSolution
		{0A49763C-F42B-4729-A0EB-365C31E566D9}.Debug|Any CPU.ActiveCfg = Debug|Any CPU
		{0A49763C-F42B-4729-A0EB-365C31E566D9}.Debug|Any CPU.Build.0 = Debug|Any CPU
		{0A49763C-F42B-4729-A0EB-365C31E566D9}.Release|Any CPU.ActiveCfg = Release|Any CPU
		{0A49763C-F42B-4729-A0EB-365C31E566D9}.Release|Any CPU.Build.0 = Release|Any CPU
		{7CB2C871-3502-47CC-BD67-5C94B274CBD6}.Debug|Any CPU.ActiveCfg = Debug|Any CPU
		{7CB2C871-3502-47CC-BD67-5C94B274CBD6}.Debug|Any CPU.Build.0 = Debug|Any CPU
		{7CB2C871-3502-47CC-BD67-5C94B274CBD6}.Release|Any CPU.ActiveCfg = Release|Any CPU
		{7CB2C871-3502-47CC-BD67-5C94B274CBD6}.Release|Any CPU.Build.0 = Release|Any CPU
	EndGlobalSection
	GlobalSection(SolutionProperties) = preSolution
		HideSolutionNode = FALSE
	EndGlobalSection
EndGlobal
